{
  "name": "001",
  "version": "1.0.0",
  "lockfileVersion": 3,
  "requires": true,
  "packages": {
    "": {
      "name": "001",
      "version": "1.0.0",
      "dependencies": {
        "gl-matrix": "^3.4.3",
        "ts-gl-matrix": "^4.0.3"
      }
    },
    "node_modules/gl-matrix": {
      "version": "3.4.3",
      "resolved": "https://registry.npmjs.org/gl-matrix/-/gl-matrix-3.4.3.tgz",
      "integrity": "sha512-wcCp8vu8FT22BnvKVPjXa/ICBWRq/zjFfdofZy1WSpQZpphblv12/bOQLBC1rMM7SGOFS9ltVmKOHil5+Ml7gA=="
    },
    "node_modules/ts-gl-matrix": {
      "version": "4.0.3",
      "resolved": "https://registry.npmjs.org/ts-gl-matrix/-/ts-gl-matrix-4.0.3.tgz",
      "integrity": "sha512-2p33d8r6HaGslOchRA0yzy8D87wRBKyrFx+EV/RDgAfmGsPX0LYApu3gSzv7OnMhy/yHXQfPPrSADWrE8deIkA==",
      "license": "MIT"
    }
  }
}
